
Microsoft Visual Studio Solution File, Format Version 12.00
# Visual Studio Version 17
VisualStudioVersion = 17.4.33213.308
MinimumVisualStudioVersion = 10.0.40219.1
Project("{8BC9CEB8-8B4A-11D0-8D11-00A0C91BC942}") = "TestProject", "TestProject\TestProject.vcxproj", "{820CC92B-F83E-43E6-B974-F71BC719931E}"
EndProject
Global
	GlobalSection(SolutionConfigurationPlatforms) = preSolution
		Debug|x64 = Debug|x64
		Debug|x86 = Debug|x86
		Release|x64 = Release|x64
		Release|x86 = Release|x86
	EndGlobalSection
	GlobalSection(ProjectConfigurationPlatforms) = postSolution
		{820CC92B-F83E-43E6-B974-F71BC719931E}.Debug|x64.ActiveCfg = Debug|x64
		{820CC92B-F83E-43E6-B974-F71BC719931E}.Debug|x64.Build.0 = Debug|x64
		{820CC92B-F83E-43E6-B974-F71BC719931E}.Debug|x86.ActiveCfg = Debug|Win32
		{820CC92B-F83E-43E6-B974-F71BC719931E}.Debug|x86.Build.0 = Debug|Win32
		{820CC92B-F83E-43E6-B974-F71BC719931E}.Release|x64.ActiveCfg = Release|x64
		{820CC92B-F83E-43E6-B974-F71BC719931E}.Release|x64.Build.0 = Release|x64
		{820CC92B-F83E-43E6-B974-F71BC719931E}.Release|x86.ActiveCfg = Release|Win32
		{820CC92B-F83E-43E6-B974-F71BC719931E}.Release|x86.Build.0 = Release|Win32
	EndGlobalSection
	GlobalSection(SolutionProperties) = preSolution
		HideSolutionNode = FALSE
	EndGlobalSection
	GlobalSection(ExtensibilityGlobals) = postSolution
		SolutionGuid = {5A702279-7802-4D94-980D-F1170503908B}
	EndGlobalSection
EndGlobal
